
Microsoft Visual Studio Solution File, Format Version 12.00
# Visual Studio Version 17
VisualStudioVersion = 17.10.35122.118
MinimumVisualStudioVersion = 10.0.40219.1
Project("{FAE04EC0-301F-11D3-BF4B-00C04F79EFBC}") = "MOVEit.Platform", "MOVEit.Platform\MOVEit.Platform.csproj", "{11235E05-482E-4924-B72E-420E7B5F6BCD}"
EndProject
Project("{FAE04EC0-301F-11D3-BF4B-00C04F79EFBC}") = "MOVEit.UI", "MOVEit.UI\MOVEit.UI.csproj", "{BBD6E1B7-FECB-4934-A079-CE24C2C42F01}"
EndProject
Global
	GlobalSection(SolutionConfigurationPlatforms) = preSolution
		Debug|Any CPU = Debug|Any CPU
		Release|Any CPU = Release|Any CPU
	EndGlobalSection
	GlobalSection(ProjectConfigurationPlatforms) = postSolution
		{11235E05-482E-4924-B72E-420E7B5F6BCD}.Debug|Any CPU.ActiveCfg = Debug|Any CPU
		{11235E05-482E-4924-B72E-420E7B5F6BCD}.Debug|Any CPU.Build.0 = Debug|Any CPU
		{11235E05-482E-4924-B72E-420E7B5F6BCD}.Release|Any CPU.ActiveCfg = Release|Any CPU
		{11235E05-482E-4924-B72E-420E7B5F6BCD}.Release|Any CPU.Build.0 = Release|Any CPU
		{BBD6E1B7-FECB-4934-A079-CE24C2C42F01}.Debug|Any CPU.ActiveCfg = Debug|Any CPU
		{BBD6E1B7-FECB-4934-A079-CE24C2C42F01}.Debug|Any CPU.Build.0 = Debug|Any CPU
		{BBD6E1B7-FECB-4934-A079-CE24C2C42F01}.Release|Any CPU.ActiveCfg = Release|Any CPU
		{BBD6E1B7-FECB-4934-A079-CE24C2C42F01}.Release|Any CPU.Build.0 = Release|Any CPU
	EndGlobalSection
	GlobalSection(SolutionProperties) = preSolution
		HideSolutionNode = FALSE
	EndGlobalSection
	GlobalSection(ExtensibilityGlobals) = postSolution
		SolutionGuid = {03009415-0734-4084-B027-F5E45878BA6C}
	EndGlobalSection
EndGlobal
